
Microsoft Visual Studio Solution File, Format Version 12.00
# Visual Studio Version 17
VisualStudioVersion = 17.3.32811.315
MinimumVisualStudioVersion = 10.0.40219.1
Project("{9A19103F-16F7-4668-BE54-9A1E7A4F7556}") = "Bakery", "Bakery\Bakery.csproj", "{8D685FB8-0B4B-4CD6-B174-9C3338E258DD}"
EndProject
Project("{FAE04EC0-301F-11D3-BF4B-00C04F79EFBC}") = "Bakery.Tests", "Bakery.Tests\Bakery.Tests.csproj", "{1DAAEB46-43C3-4FE3-A612-B531AEBF9686}"
EndProject
Global
	GlobalSection(SolutionConfigurationPlatforms) = preSolution
		Debug|Any CPU = Debug|Any CPU
		Release|Any CPU = Release|Any CPU
	EndGlobalSection
	GlobalSection(ProjectConfigurationPlatforms) = postSolution
		{8D685FB8-0B4B-4CD6-B174-9C3338E258DD}.Debug|Any CPU.ActiveCfg = Debug|Any CPU
		{8D685FB8-0B4B-4CD6-B174-9C3338E258DD}.Debug|Any CPU.Build.0 = Debug|Any CPU
		{8D685FB8-0B4B-4CD6-B174-9C3338E258DD}.Release|Any CPU.ActiveCfg = Release|Any CPU
		{8D685FB8-0B4B-4CD6-B174-9C3338E258DD}.Release|Any CPU.Build.0 = Release|Any CPU
		{1DAAEB46-43C3-4FE3-A612-B531AEBF9686}.Debug|Any CPU.ActiveCfg = Debug|Any CPU
		{1DAAEB46-43C3-4FE3-A612-B531AEBF9686}.Debug|Any CPU.Build.0 = Debug|Any CPU
		{1DAAEB46-43C3-4FE3-A612-B531AEBF9686}.Release|Any CPU.ActiveCfg = Release|Any CPU
		{1DAAEB46-43C3-4FE3-A612-B531AEBF9686}.Release|Any CPU.Build.0 = Release|Any CPU
	EndGlobalSection
	GlobalSection(SolutionProperties) = preSolution
		HideSolutionNode = FALSE
	EndGlobalSection
	GlobalSection(ExtensibilityGlobals) = postSolution
		SolutionGuid = {F0BADA2A-5752-4797-8D31-D029DFA05F05}
	EndGlobalSection
EndGlobal
